
Microsoft Visual Studio Solution File, Format Version 12.00
# Visual Studio Version 17
VisualStudioVersion = 17.0.31903.59
MinimumVisualStudioVersion = 10.0.40219.1
Project("{2150E333-8FDC-42A3-9474-1A3956D46DE8}") = "src", "src", "{827E0CD3-B72D-47B6-A68D-7590B98EB39B}"
EndProject
Project("{2150E333-8FDC-42A3-9474-1A3956D46DE8}") = "Api", "Api", "{81034408-37C8-1011-444E-4C15C2FADA8E}"
EndProject
Project("{FAE04EC0-301F-11D3-BF4B-00C04F79EFBC}") = "DataBro.Api", "src\Api\DataBro.Api\DataBro.Api.csproj", "{CEA68655-B5BE-4A32-9946-FBE67363760A}"
EndProject
Project("{FAE04EC0-301F-11D3-BF4B-00C04F79EFBC}") = "DataBro.Modules.Content.Api", "src\Modules\Content\DataBro.Modules.Content.Api\DataBro.Modules.Content.Api.csproj", "{3FBC4ED2-D7A6-4BC1-859E-A8B5E2B15921}"
EndProject
Project("{FAE04EC0-301F-11D3-BF4B-00C04F79EFBC}") = "DataBro.Modules.Content.Application", "src\Modules\Content\DataBro.Modules.Content.Application\DataBro.Modules.Content.Application.csproj", "{A747288B-9D38-48A8-A0E8-AA2EA8641043}"
EndProject
Project("{FAE04EC0-301F-11D3-BF4B-00C04F79EFBC}") = "DataBro.Modules.Content.Domain", "src\Modules\Content\DataBro.Modules.Content.Domain\DataBro.Modules.Content.Domain.csproj", "{123DD487-E05A-48F3-911C-349E15368FF2}"
EndProject
Project("{FAE04EC0-301F-11D3-BF4B-00C04F79EFBC}") = "DataBro.Modules.Content.Infrastructure", "src\Modules\Content\DataBro.Modules.Content.Infrastructure\DataBro.Modules.Content.Infrastructure.csproj", "{8C7CD9B1-5255-4F3F-A6A7-D65189D01D7C}"
EndProject
Project("{FAE04EC0-301F-11D3-BF4B-00C04F79EFBC}") = "DataBro.Modules.Identity.Api", "src\Modules\Identity\DataBro.Modules.Identity.Api\DataBro.Modules.Identity.Api.csproj", "{B99ACD22-6130-4B83-B8E9-E26E96857AD3}"
EndProject
Project("{FAE04EC0-301F-11D3-BF4B-00C04F79EFBC}") = "DataBro.Modules.Identity.Application", "src\Modules\Identity\DataBro.Modules.Identity.Application\DataBro.Modules.Identity.Application.csproj", "{58BC6C4A-C429-4E71-9CE1-7EE6C39CCD48}"
EndProject
Project("{FAE04EC0-301F-11D3-BF4B-00C04F79EFBC}") = "DataBro.Modules.Identity.Domain", "src\Modules\Identity\DataBro.Modules.Identity.Domain\DataBro.Modules.Identity.Domain.csproj", "{D3416076-CBEA-4D0C-9D9E-DDB2129C511B}"
EndProject
Project("{FAE04EC0-301F-11D3-BF4B-00C04F79EFBC}") = "DataBro.Modules.Identity.Infrastructure", "src\Modules\Identity\DataBro.Modules.Identity.Infrastructure\DataBro.Modules.Identity.Infrastructure.csproj", "{CB97F3F1-5B75-4553-ABCE-7EC23D300B33}"
EndProject
Project("{FAE04EC0-301F-11D3-BF4B-00C04F79EFBC}") = "DataBro.Modules.Media.Api", "src\Modules\Media\DataBro.Modules.Media.Api\DataBro.Modules.Media.Api.csproj", "{F32911F6-41E4-4038-A943-DDACC2492E70}"
EndProject
Project("{FAE04EC0-301F-11D3-BF4B-00C04F79EFBC}") = "DataBro.Modules.Media.Application", "src\Modules\Media\DataBro.Modules.Media.Application\DataBro.Modules.Media.Application.csproj", "{82F20B77-A7C8-48E0-A3A8-73AFC56F7AFE}"
EndProject
Project("{FAE04EC0-301F-11D3-BF4B-00C04F79EFBC}") = "DataBro.Modules.Media.Domain", "src\Modules\Media\DataBro.Modules.Media.Domain\DataBro.Modules.Media.Domain.csproj", "{8E79BE05-0011-4204-920B-4D70EC613E71}"
EndProject
Project("{FAE04EC0-301F-11D3-BF4B-00C04F79EFBC}") = "DataBro.Modules.Media.Infrastructure", "src\Modules\Media\DataBro.Modules.Media.Infrastructure\DataBro.Modules.Media.Infrastructure.csproj", "{C38038E1-5AC4-4E7A-B94F-BB36FA127EB8}"
EndProject
Project("{FAE04EC0-301F-11D3-BF4B-00C04F79EFBC}") = "DataBro.Modules.Search.Api", "src\Modules\Search\DataBro.Modules.Search.Api\DataBro.Modules.Search.Api.csproj", "{FBAA1A9F-3935-4F17-BC83-C909FAECBDC6}"
EndProject
Project("{FAE04EC0-301F-11D3-BF4B-00C04F79EFBC}") = "DataBro.Modules.Search.Application", "src\Modules\Search\DataBro.Modules.Search.Application\DataBro.Modules.Search.Application.csproj", "{18E70350-A113-48B3-AF61-623EE5B66CD2}"
EndProject
Project("{FAE04EC0-301F-11D3-BF4B-00C04F79EFBC}") = "DataBro.Modules.Search.Domain", "src\Modules\Search\DataBro.Modules.Search.Domain\DataBro.Modules.Search.Domain.csproj", "{FA16E272-020E-4186-B1CD-6F55525E7184}"
EndProject
Project("{FAE04EC0-301F-11D3-BF4B-00C04F79EFBC}") = "DataBro.Modules.Search.Infrastructure", "src\Modules\Search\DataBro.Modules.Search.Infrastructure\DataBro.Modules.Search.Infrastructure.csproj", "{54B9EBBB-56B3-4311-BC92-9F3D7DD39052}"
EndProject
Project("{FAE04EC0-301F-11D3-BF4B-00C04F79EFBC}") = "DataBro.Platform", "src\Shared\DataBro.Platform\DataBro.Platform.csproj", "{DD249FFA-D8FA-457E-B103-5B0D595EFE7B}"
EndProject
Project("{FAE04EC0-301F-11D3-BF4B-00C04F79EFBC}") = "DataBro.ArchitectureTests", "tests\DataBro.ArchitectureTests\DataBro.ArchitectureTests.csproj", "{B9C71340-581D-470C-B533-CCCEE757A67B}"
EndProject
Project("{2150E333-8FDC-42A3-9474-1A3956D46DE8}") = "Shared", "Shared", "{C8E42992-5E42-0C2B-DBFE-AA848D06431C}"
EndProject
Project("{FAE04EC0-301F-11D3-BF4B-00C04F79EFBC}") = "DataBro.Platform.Persistence", "src\Shared\DataBro.Platform.Persistence\DataBro.Platform.Persistence.csproj", "{6ED05723-4E5C-408D-B135-4F62BF2611A1}"
EndProject
Project("{2150E333-8FDC-42A3-9474-1A3956D46DE8}") = "tests", "tests", "{0AB3BF05-4346-4AA6-1389-037BE0695223}"
EndProject
Project("{FAE04EC0-301F-11D3-BF4B-00C04F79EFBC}") = "DataBro.Modules.Content.Tests", "tests\DataBro.Modules.Content.Tests\DataBro.Modules.Content.Tests.csproj", "{E8C25CEF-9991-48F8-AEB4-71540294C913}"
EndProject
Project("{FAE04EC0-301F-11D3-BF4B-00C04F79EFBC}") = "DataBro.Platform.Web", "src\Shared\DataBro.Platform.Web\DataBro.Platform.Web.csproj", "{50C90DAB-21E4-4E30-A135-3F467C3C0428}"
EndProject
Global
	GlobalSection(SolutionConfigurationPlatforms) = preSolution
		Debug|Any CPU = Debug|Any CPU
		Debug|x64 = Debug|x64
		Debug|x86 = Debug|x86
		Release|Any CPU = Release|Any CPU
		Release|x64 = Release|x64
		Release|x86 = Release|x86
	EndGlobalSection
	GlobalSection(ProjectConfigurationPlatforms) = postSolution
		{CEA68655-B5BE-4A32-9946-FBE67363760A}.Debug|Any CPU.ActiveCfg = Debug|Any CPU
		{CEA68655-B5BE-4A32-9946-FBE67363760A}.Debug|Any CPU.Build.0 = Debug|Any CPU
		{CEA68655-B5BE-4A32-9946-FBE67363760A}.Debug|x64.ActiveCfg = Debug|Any CPU
		{CEA68655-B5BE-4A32-9946-FBE67363760A}.Debug|x64.Build.0 = Debug|Any CPU
		{CEA68655-B5BE-4A32-9946-FBE67363760A}.Debug|x86.ActiveCfg = Debug|Any CPU
		{CEA68655-B5BE-4A32-9946-FBE67363760A}.Debug|x86.Build.0 = Debug|Any CPU
		{CEA68655-B5BE-4A32-9946-FBE67363760A}.Release|Any CPU.ActiveCfg = Release|Any CPU
		{CEA68655-B5BE-4A32-9946-FBE67363760A}.Release|Any CPU.Build.0 = Release|Any CPU
		{CEA68655-B5BE-4A32-9946-FBE67363760A}.Release|x64.ActiveCfg = Release|Any CPU
		{CEA68655-B5BE-4A32-9946-FBE67363760A}.Release|x64.Build.0 = Release|Any CPU
		{CEA68655-B5BE-4A32-9946-FBE67363760A}.Release|x86.ActiveCfg = Release|Any CPU
		{CEA68655-B5BE-4A32-9946-FBE67363760A}.Release|x86.Build.0 = Release|Any CPU
		{3FBC4ED2-D7A6-4BC1-859E-A8B5E2B15921}.Debug|Any CPU.ActiveCfg = Debug|Any CPU
		{3FBC4ED2-D7A6-4BC1-859E-A8B5E2B15921}.Debug|Any CPU.Build.0 = Debug|Any CPU
		{3FBC4ED2-D7A6-4BC1-859E-A8B5E2B15921}.Debug|x64.ActiveCfg = Debug|Any CPU
		{3FBC4ED2-D7A6-4BC1-859E-A8B5E2B15921}.Debug|x64.Build.0 = Debug|Any CPU
		{3FBC4ED2-D7A6-4BC1-859E-A8B5E2B15921}.Debug|x86.ActiveCfg = Debug|Any CPU
		{3FBC4ED2-D7A6-4BC1-859E-A8B5E2B15921}.Debug|x86.Build.0 = Debug|Any CPU
		{3FBC4ED2-D7A6-4BC1-859E-A8B5E2B15921}.Release|Any CPU.ActiveCfg = Release|Any CPU
		{3FBC4ED2-D7A6-4BC1-859E-A8B5E2B15921}.Release|Any CPU.Build.0 = Release|Any CPU
		{3FBC4ED2-D7A6-4BC1-859E-A8B5E2B15921}.Release|x64.ActiveCfg = Release|Any CPU
		{3FBC4ED2-D7A6-4BC1-859E-A8B5E2B15921}.Release|x64.Build.0 = Release|Any CPU
		{3FBC4ED2-D7A6-4BC1-859E-A8B5E2B15921}.Release|x86.ActiveCfg = Release|Any CPU
		{3FBC4ED2-D7A6-4BC1-859E-A8B5E2B15921}.Release|x86.Build.0 = Release|Any CPU
		{A747288B-9D38-48A8-A0E8-AA2EA8641043}.Debug|Any CPU.ActiveCfg = Debug|Any CPU
		{A747288B-9D38-48A8-A0E8-AA2EA8641043}.Debug|Any CPU.Build.0 = Debug|Any CPU
		{A747288B-9D38-48A8-A0E8-AA2EA8641043}.Debug|x64.ActiveCfg = Debug|Any CPU
		{A747288B-9D38-48A8-A0E8-AA2EA8641043}.Debug|x64.Build.0 = Debug|Any CPU
		{A747288B-9D38-48A8-A0E8-AA2EA8641043}.Debug|x86.ActiveCfg = Debug|Any CPU
		{A747288B-9D38-48A8-A0E8-AA2EA8641043}.Debug|x86.Build.0 = Debug|Any CPU
		{A747288B-9D38-48A8-A0E8-AA2EA8641043}.Release|Any CPU.ActiveCfg = Release|Any CPU
		{A747288B-9D38-48A8-A0E8-AA2EA8641043}.Release|Any CPU.Build.0 = Release|Any CPU
		{A747288B-9D38-48A8-A0E8-AA2EA8641043}.Release|x64.ActiveCfg = Release|Any CPU
		{A747288B-9D38-48A8-A0E8-AA2EA8641043}.Release|x64.Build.0 = Release|Any CPU
		{A747288B-9D38-48A8-A0E8-AA2EA8641043}.Release|x86.ActiveCfg = Release|Any CPU
		{A747288B-9D38-48A8-A0E8-AA2EA8641043}.Release|x86.Build.0 = Release|Any CPU
		{123DD487-E05A-48F3-911C-349E15368FF2}.Debug|Any CPU.ActiveCfg = Debug|Any CPU
		{123DD487-E05A-48F3-911C-349E15368FF2}.Debug|Any CPU.Build.0 = Debug|Any CPU
		{123DD487-E05A-48F3-911C-349E15368FF2}.Debug|x64.ActiveCfg = Debug|Any CPU
		{123DD487-E05A-48F3-911C-349E15368FF2}.Debug|x64.Build.0 = Debug|Any CPU
		{123DD487-E05A-48F3-911C-349E15368FF2}.Debug|x86.ActiveCfg = Debug|Any CPU
		{123DD487-E05A-48F3-911C-349E15368FF2}.Debug|x86.Build.0 = Debug|Any CPU
		{123DD487-E05A-48F3-911C-349E15368FF2}.Release|Any CPU.ActiveCfg = Release|Any CPU
		{123DD487-E05A-48F3-911C-349E15368FF2}.Release|Any CPU.Build.0 = Release|Any CPU
		{123DD487-E05A-48F3-911C-349E15368FF2}.Release|x64.ActiveCfg = Release|Any CPU
		{123DD487-E05A-48F3-911C-349E15368FF2}.Release|x64.Build.0 = Release|Any CPU
		{123DD487-E05A-48F3-911C-349E15368FF2}.Release|x86.ActiveCfg = Release|Any CPU
		{123DD487-E05A-48F3-911C-349E15368FF2}.Release|x86.Build.0 = Release|Any CPU
		{8C7CD9B1-5255-4F3F-A6A7-D65189D01D7C}.Debug|Any CPU.ActiveCfg = Debug|Any CPU
		{8C7CD9B1-5255-4F3F-A6A7-D65189D01D7C}.Debug|Any CPU.Build.0 = Debug|Any CPU
		{8C7CD9B1-5255-4F3F-A6A7-D65189D01D7C}.Debug|x64.ActiveCfg = Debug|Any CPU
		{8C7CD9B1-5255-4F3F-A6A7-D65189D01D7C}.Debug|x64.Build.0 = Debug|Any CPU
		{8C7CD9B1-5255-4F3F-A6A7-D65189D01D7C}.Debug|x86.ActiveCfg = Debug|Any CPU
		{8C7CD9B1-5255-4F3F-A6A7-D65189D01D7C}.Debug|x86.Build.0 = Debug|Any CPU
		{8C7CD9B1-5255-4F3F-A6A7-D65189D01D7C}.Release|Any CPU.ActiveCfg = Release|Any CPU
		{8C7CD9B1-5255-4F3F-A6A7-D65189D01D7C}.Release|Any CPU.Build.0 = Release|Any CPU
		{8C7CD9B1-5255-4F3F-A6A7-D65189D01D7C}.Release|x64.ActiveCfg = Release|Any CPU
		{8C7CD9B1-5255-4F3F-A6A7-D65189D01D7C}.Release|x64.Build.0 = Release|Any CPU
		{8C7CD9B1-5255-4F3F-A6A7-D65189D01D7C}.Release|x86.ActiveCfg = Release|Any CPU
		{8C7CD9B1-5255-4F3F-A6A7-D65189D01D7C}.Release|x86.Build.0 = Release|Any CPU
		{B99ACD22-6130-4B83-B8E9-E26E96857AD3}.Debug|Any CPU.ActiveCfg = Debug|Any CPU
		{B99ACD22-6130-4B83-B8E9-E26E96857AD3}.Debug|Any CPU.Build.0 = Debug|Any CPU
		{B99ACD22-6130-4B83-B8E9-E26E96857AD3}.Debug|x64.ActiveCfg = Debug|Any CPU
		{B99ACD22-6130-4B83-B8E9-E26E96857AD3}.Debug|x64.Build.0 = Debug|Any CPU
		{B99ACD22-6130-4B83-B8E9-E26E96857AD3}.Debug|x86.ActiveCfg = Debug|Any CPU
		{B99ACD22-6130-4B83-B8E9-E26E96857AD3}.Debug|x86.Build.0 = Debug|Any CPU
		{B99ACD22-6130-4B83-B8E9-E26E96857AD3}.Release|Any CPU.ActiveCfg = Release|Any CPU
		{B99ACD22-6130-4B83-B8E9-E26E96857AD3}.Release|Any CPU.Build.0 = Release|Any CPU
		{B99ACD22-6130-4B83-B8E9-E26E96857AD3}.Release|x64.ActiveCfg = Release|Any CPU
		{B99ACD22-6130-4B83-B8E9-E26E96857AD3}.Release|x64.Build.0 = Release|Any CPU
		{B99ACD22-6130-4B83-B8E9-E26E96857AD3}.Release|x86.ActiveCfg = Release|Any CPU
		{B99ACD22-6130-4B83-B8E9-E26E96857AD3}.Release|x86.Build.0 = Release|Any CPU
		{58BC6C4A-C429-4E71-9CE1-7EE6C39CCD48}.Debug|Any CPU.ActiveCfg = Debug|Any CPU
		{58BC6C4A-C429-4E71-9CE1-7EE6C39CCD48}.Debug|Any CPU.Build.0 = Debug|Any CPU
		{58BC6C4A-C429-4E71-9CE1-7EE6C39CCD48}.Debug|x64.ActiveCfg = Debug|Any CPU
		{58BC6C4A-C429-4E71-9CE1-7EE6C39CCD48}.Debug|x64.Build.0 = Debug|Any CPU
		{58BC6C4A-C429-4E71-9CE1-7EE6C39CCD48}.Debug|x86.ActiveCfg = Debug|Any CPU
		{58BC6C4A-C429-4E71-9CE1-7EE6C39CCD48}.Debug|x86.Build.0 = Debug|Any CPU
		{58BC6C4A-C429-4E71-9CE1-7EE6C39CCD48}.Release|Any CPU.ActiveCfg = Release|Any CPU
		{58BC6C4A-C429-4E71-9CE1-7EE6C39CCD48}.Release|Any CPU.Build.0 = Release|Any CPU
		{58BC6C4A-C429-4E71-9CE1-7EE6C39CCD48}.Release|x64.ActiveCfg = Release|Any CPU
		{58BC6C4A-C429-4E71-9CE1-7EE6C39CCD48}.Release|x64.Build.0 = Release|Any CPU
		{58BC6C4A-C429-4E71-9CE1-7EE6C39CCD48}.Release|x86.ActiveCfg = Release|Any CPU
		{58BC6C4A-C429-4E71-9CE1-7EE6C39CCD48}.Release|x86.Build.0 = Release|Any CPU
		{D3416076-CBEA-4D0C-9D9E-DDB2129C511B}.Debug|Any CPU.ActiveCfg = Debug|Any CPU
		{D3416076-CBEA-4D0C-9D9E-DDB2129C511B}.Debug|Any CPU.Build.0 = Debug|Any CPU
		{D3416076-CBEA-4D0C-9D9E-DDB2129C511B}.Debug|x64.ActiveCfg = Debug|Any CPU
		{D3416076-CBEA-4D0C-9D9E-DDB2129C511B}.Debug|x64.Build.0 = Debug|Any CPU
		{D3416076-CBEA-4D0C-9D9E-DDB2129C511B}.Debug|x86.ActiveCfg = Debug|Any CPU
		{D3416076-CBEA-4D0C-9D9E-DDB2129C511B}.Debug|x86.Build.0 = Debug|Any CPU
		{D3416076-CBEA-4D0C-9D9E-DDB2129C511B}.Release|Any CPU.ActiveCfg = Release|Any CPU
		{D3416076-CBEA-4D0C-9D9E-DDB2129C511B}.Release|Any CPU.Build.0 = Release|Any CPU
		{D3416076-CBEA-4D0C-9D9E-DDB2129C511B}.Release|x64.ActiveCfg = Release|Any CPU
		{D3416076-CBEA-4D0C-9D9E-DDB2129C511B}.Release|x64.Build.0 = Release|Any CPU
		{D3416076-CBEA-4D0C-9D9E-DDB2129C511B}.Release|x86.ActiveCfg = Release|Any CPU
		{D3416076-CBEA-4D0C-9D9E-DDB2129C511B}.Release|x86.Build.0 = Release|Any CPU
		{CB97F3F1-5B75-4553-ABCE-7EC23D300B33}.Debug|Any CPU.ActiveCfg = Debug|Any CPU
		{CB97F3F1-5B75-4553-ABCE-7EC23D300B33}.Debug|Any CPU.Build.0 = Debug|Any CPU
		{CB97F3F1-5B75-4553-ABCE-7EC23D300B33}.Debug|x64.ActiveCfg = Debug|Any CPU
		{CB97F3F1-5B75-4553-ABCE-7EC23D300B33}.Debug|x64.Build.0 = Debug|Any CPU
		{CB97F3F1-5B75-4553-ABCE-7EC23D300B33}.Debug|x86.ActiveCfg = Debug|Any CPU
		{CB97F3F1-5B75-4553-ABCE-7EC23D300B33}.Debug|x86.Build.0 = Debug|Any CPU
		{CB97F3F1-5B75-4553-ABCE-7EC23D300B33}.Release|Any CPU.ActiveCfg = Release|Any CPU
		{CB97F3F1-5B75-4553-ABCE-7EC23D300B33}.Release|Any CPU.Build.0 = Release|Any CPU
		{CB97F3F1-5B75-4553-ABCE-7EC23D300B33}.Release|x64.ActiveCfg = Release|Any CPU
		{CB97F3F1-5B75-4553-ABCE-7EC23D300B33}.Release|x64.Build.0 = Release|Any CPU
		{CB97F3F1-5B75-4553-ABCE-7EC23D300B33}.Release|x86.ActiveCfg = Release|Any CPU
		{CB97F3F1-5B75-4553-ABCE-7EC23D300B33}.Release|x86.Build.0 = Release|Any CPU
		{F32911F6-41E4-4038-A943-DDACC2492E70}.Debug|Any CPU.ActiveCfg = Debug|Any CPU
		{F32911F6-41E4-4038-A943-DDACC2492E70}.Debug|Any CPU.Build.0 = Debug|Any CPU
		{F32911F6-41E4-4038-A943-DDACC2492E70}.Debug|x64.ActiveCfg = Debug|Any CPU
		{F32911F6-41E4-4038-A943-DDACC2492E70}.Debug|x64.Build.0 = Debug|Any CPU
		{F32911F6-41E4-4038-A943-DDACC2492E70}.Debug|x86.ActiveCfg = Debug|Any CPU
		{F32911F6-41E4-4038-A943-DDACC2492E70}.Debug|x86.Build.0 = Debug|Any CPU
		{F32911F6-41E4-4038-A943-DDACC2492E70}.Release|Any CPU.ActiveCfg = Release|Any CPU
		{F32911F6-41E4-4038-A943-DDACC2492E70}.Release|Any CPU.Build.0 = Release|Any CPU
		{F32911F6-41E4-4038-A943-DDACC2492E70}.Release|x64.ActiveCfg = Release|Any CPU
		{F32911F6-41E4-4038-A943-DDACC2492E70}.Release|x64.Build.0 = Release|Any CPU
		{F32911F6-41E4-4038-A943-DDACC2492E70}.Release|x86.ActiveCfg = Release|Any CPU
		{F32911F6-41E4-4038-A943-DDACC2492E70}.Release|x86.Build.0 = Release|Any CPU
		{82F20B77-A7C8-48E0-A3A8-73AFC56F7AFE}.Debug|Any CPU.ActiveCfg = Debug|Any CPU
		{82F20B77-A7C8-48E0-A3A8-73AFC56F7AFE}.Debug|Any CPU.Build.0 = Debug|Any CPU
		{82F20B77-A7C8-48E0-A3A8-73AFC56F7AFE}.Debug|x64.ActiveCfg = Debug|Any CPU
		{82F20B77-A7C8-48E0-A3A8-73AFC56F7AFE}.Debug|x64.Build.0 = Debug|Any CPU
		{82F20B77-A7C8-48E0-A3A8-73AFC56F7AFE}.Debug|x86.ActiveCfg = Debug|Any CPU
		{82F20B77-A7C8-48E0-A3A8-73AFC56F7AFE}.Debug|x86.Build.0 = Debug|Any CPU
		{82F20B77-A7C8-48E0-A3A8-73AFC56F7AFE}.Release|Any CPU.ActiveCfg = Release|Any CPU
		{82F20B77-A7C8-48E0-A3A8-73AFC56F7AFE}.Release|Any CPU.Build.0 = Release|Any CPU
		{82F20B77-A7C8-48E0-A3A8-73AFC56F7AFE}.Release|x64.ActiveCfg = Release|Any CPU
		{82F20B77-A7C8-48E0-A3A8-73AFC56F7AFE}.Release|x64.Build.0 = Release|Any CPU
		{82F20B77-A7C8-48E0-A3A8-73AFC56F7AFE}.Release|x86.ActiveCfg = Release|Any CPU
		{82F20B77-A7C8-48E0-A3A8-73AFC56F7AFE}.Release|x86.Build.0 = Release|Any CPU
		{8E79BE05-0011-4204-920B-4D70EC613E71}.Debug|Any CPU.ActiveCfg = Debug|Any CPU
		{8E79BE05-0011-4204-920B-4D70EC613E71}.Debug|Any CPU.Build.0 = Debug|Any CPU
		{8E79BE05-0011-4204-920B-4D70EC613E71}.Debug|x64.ActiveCfg = Debug|Any CPU
		{8E79BE05-0011-4204-920B-4D70EC613E71}.Debug|x64.Build.0 = Debug|Any CPU
		{8E79BE05-0011-4204-920B-4D70EC613E71}.Debug|x86.ActiveCfg = Debug|Any CPU
		{8E79BE05-0011-4204-920B-4D70EC613E71}.Debug|x86.Build.0 = Debug|Any CPU
		{8E79BE05-0011-4204-920B-4D70EC613E71}.Release|Any CPU.ActiveCfg = Release|Any CPU
		{8E79BE05-0011-4204-920B-4D70EC613E71}.Release|Any CPU.Build.0 = Release|Any CPU
		{8E79BE05-0011-4204-920B-4D70EC613E71}.Release|x64.ActiveCfg = Release|Any CPU
		{8E79BE05-0011-4204-920B-4D70EC613E71}.Release|x64.Build.0 = Release|Any CPU
		{8E79BE05-0011-4204-920B-4D70EC613E71}.Release|x86.ActiveCfg = Release|Any CPU
		{8E79BE05-0011-4204-920B-4D70EC613E71}.Release|x86.Build.0 = Release|Any CPU
		{C38038E1-5AC4-4E7A-B94F-BB36FA127EB8}.Debug|Any CPU.ActiveCfg = Debug|Any CPU
		{C38038E1-5AC4-4E7A-B94F-BB36FA127EB8}.Debug|Any CPU.Build.0 = Debug|Any CPU
		{C38038E1-5AC4-4E7A-B94F-BB36FA127EB8}.Debug|x64.ActiveCfg = Debug|Any CPU
		{C38038E1-5AC4-4E7A-B94F-BB36FA127EB8}.Debug|x64.Build.0 = Debug|Any CPU
		{C38038E1-5AC4-4E7A-B94F-BB36FA127EB8}.Debug|x86.ActiveCfg = Debug|Any CPU
		{C38038E1-5AC4-4E7A-B94F-BB36FA127EB8}.Debug|x86.Build.0 = Debug|Any CPU
		{C38038E1-5AC4-4E7A-B94F-BB36FA127EB8}.Release|Any CPU.ActiveCfg = Release|Any CPU
		{C38038E1-5AC4-4E7A-B94F-BB36FA127EB8}.Release|Any CPU.Build.0 = Release|Any CPU
		{C38038E1-5AC4-4E7A-B94F-BB36FA127EB8}.Release|x64.ActiveCfg = Release|Any CPU
		{C38038E1-5AC4-4E7A-B94F-BB36FA127EB8}.Release|x64.Build.0 = Release|Any CPU
		{C38038E1-5AC4-4E7A-B94F-BB36FA127EB8}.Release|x86.ActiveCfg = Release|Any CPU
		{C38038E1-5AC4-4E7A-B94F-BB36FA127EB8}.Release|x86.Build.0 = Release|Any CPU
		{FBAA1A9F-3935-4F17-BC83-C909FAECBDC6}.Debug|Any CPU.ActiveCfg = Debug|Any CPU
		{FBAA1A9F-3935-4F17-BC83-C909FAECBDC6}.Debug|Any CPU.Build.0 = Debug|Any CPU
		{FBAA1A9F-3935-4F17-BC83-C909FAECBDC6}.Debug|x64.ActiveCfg = Debug|Any CPU
		{FBAA1A9F-3935-4F17-BC83-C909FAECBDC6}.Debug|x64.Build.0 = Debug|Any CPU
		{FBAA1A9F-3935-4F17-BC83-C909FAECBDC6}.Debug|x86.ActiveCfg = Debug|Any CPU
		{FBAA1A9F-3935-4F17-BC83-C909FAECBDC6}.Debug|x86.Build.0 = Debug|Any CPU
		{FBAA1A9F-3935-4F17-BC83-C909FAECBDC6}.Release|Any CPU.ActiveCfg = Release|Any CPU
		{FBAA1A9F-3935-4F17-BC83-C909FAECBDC6}.Release|Any CPU.Build.0 = Release|Any CPU
		{FBAA1A9F-3935-4F17-BC83-C909FAECBDC6}.Release|x64.ActiveCfg = Release|Any CPU
		{FBAA1A9F-3935-4F17-BC83-C909FAECBDC6}.Release|x64.Build.0 = Release|Any CPU
		{FBAA1A9F-3935-4F17-BC83-C909FAECBDC6}.Release|x86.ActiveCfg = Release|Any CPU
		{FBAA1A9F-3935-4F17-BC83-C909FAECBDC6}.Release|x86.Build.0 = Release|Any CPU
		{18E70350-A113-48B3-AF61-623EE5B66CD2}.Debug|Any CPU.ActiveCfg = Debug|Any CPU
		{18E70350-A113-48B3-AF61-623EE5B66CD2}.Debug|Any CPU.Build.0 = Debug|Any CPU
		{18E70350-A113-48B3-AF61-623EE5B66CD2}.Debug|x64.ActiveCfg = Debug|Any CPU
		{18E70350-A113-48B3-AF61-623EE5B66CD2}.Debug|x64.Build.0 = Debug|Any CPU
		{18E70350-A113-48B3-AF61-623EE5B66CD2}.Debug|x86.ActiveCfg = Debug|Any CPU
		{18E70350-A113-48B3-AF61-623EE5B66CD2}.Debug|x86.Build.0 = Debug|Any CPU
		{18E70350-A113-48B3-AF61-623EE5B66CD2}.Release|Any CPU.ActiveCfg = Release|Any CPU
		{18E70350-A113-48B3-AF61-623EE5B66CD2}.Release|Any CPU.Build.0 = Release|Any CPU
		{18E70350-A113-48B3-AF61-623EE5B66CD2}.Release|x64.ActiveCfg = Release|Any CPU
		{18E70350-A113-48B3-AF61-623EE5B66CD2}.Release|x64.Build.0 = Release|Any CPU
		{18E70350-A113-48B3-AF61-623EE5B66CD2}.Release|x86.ActiveCfg = Release|Any CPU
		{18E70350-A113-48B3-AF61-623EE5B66CD2}.Release|x86.Build.0 = Release|Any CPU
		{FA16E272-020E-4186-B1CD-6F55525E7184}.Debug|Any CPU.ActiveCfg = Debug|Any CPU
		{FA16E272-020E-4186-B1CD-6F55525E7184}.Debug|Any CPU.Build.0 = Debug|Any CPU
		{FA16E272-020E-4186-B1CD-6F55525E7184}.Debug|x64.ActiveCfg = Debug|Any CPU
		{FA16E272-020E-4186-B1CD-6F55525E7184}.Debug|x64.Build.0 = Debug|Any CPU
		{FA16E272-020E-4186-B1CD-6F55525E7184}.Debug|x86.ActiveCfg = Debug|Any CPU
		{FA16E272-020E-4186-B1CD-6F55525E7184}.Debug|x86.Build.0 = Debug|Any CPU
		{FA16E272-020E-4186-B1CD-6F55525E7184}.Release|Any CPU.ActiveCfg = Release|Any CPU
		{FA16E272-020E-4186-B1CD-6F55525E7184}.Release|Any CPU.Build.0 = Release|Any CPU
		{FA16E272-020E-4186-B1CD-6F55525E7184}.Release|x64.ActiveCfg = Release|Any CPU
		{FA16E272-020E-4186-B1CD-6F55525E7184}.Release|x64.Build.0 = Release|Any CPU
		{FA16E272-020E-4186-B1CD-6F55525E7184}.Release|x86.ActiveCfg = Release|Any CPU
		{FA16E272-020E-4186-B1CD-6F55525E7184}.Release|x86.Build.0 = Release|Any CPU
		{54B9EBBB-56B3-4311-BC92-9F3D7DD39052}.Debug|Any CPU.ActiveCfg = Debug|Any CPU
		{54B9EBBB-56B3-4311-BC92-9F3D7DD39052}.Debug|Any CPU.Build.0 = Debug|Any CPU
		{54B9EBBB-56B3-4311-BC92-9F3D7DD39052}.Debug|x64.ActiveCfg = Debug|Any CPU
		{54B9EBBB-56B3-4311-BC92-9F3D7DD39052}.Debug|x64.Build.0 = Debug|Any CPU
		{54B9EBBB-56B3-4311-BC92-9F3D7DD39052}.Debug|x86.ActiveCfg = Debug|Any CPU
		{54B9EBBB-56B3-4311-BC92-9F3D7DD39052}.Debug|x86.Build.0 = Debug|Any CPU
		{54B9EBBB-56B3-4311-BC92-9F3D7DD39052}.Release|Any CPU.ActiveCfg = Release|Any CPU
		{54B9EBBB-56B3-4311-BC92-9F3D7DD39052}.Release|Any CPU.Build.0 = Release|Any CPU
		{54B9EBBB-56B3-4311-BC92-9F3D7DD39052}.Release|x64.ActiveCfg = Release|Any CPU
		{54B9EBBB-56B3-4311-BC92-9F3D7DD39052}.Release|x64.Build.0 = Release|Any CPU
		{54B9EBBB-56B3-4311-BC92-9F3D7DD39052}.Release|x86.ActiveCfg = Release|Any CPU
		{54B9EBBB-56B3-4311-BC92-9F3D7DD39052}.Release|x86.Build.0 = Release|Any CPU
		{DD249FFA-D8FA-457E-B103-5B0D595EFE7B}.Debug|Any CPU.ActiveCfg = Debug|Any CPU
		{DD249FFA-D8FA-457E-B103-5B0D595EFE7B}.Debug|Any CPU.Build.0 = Debug|Any CPU
		{DD249FFA-D8FA-457E-B103-5B0D595EFE7B}.Debug|x64.ActiveCfg = Debug|Any CPU
		{DD249FFA-D8FA-457E-B103-5B0D595EFE7B}.Debug|x64.Build.0 = Debug|Any CPU
		{DD249FFA-D8FA-457E-B103-5B0D595EFE7B}.Debug|x86.ActiveCfg = Debug|Any CPU
		{DD249FFA-D8FA-457E-B103-5B0D595EFE7B}.Debug|x86.Build.0 = Debug|Any CPU
		{DD249FFA-D8FA-457E-B103-5B0D595EFE7B}.Release|Any CPU.ActiveCfg = Release|Any CPU
		{DD249FFA-D8FA-457E-B103-5B0D595EFE7B}.Release|Any CPU.Build.0 = Release|Any CPU
		{DD249FFA-D8FA-457E-B103-5B0D595EFE7B}.Release|x64.ActiveCfg = Release|Any CPU
		{DD249FFA-D8FA-457E-B103-5B0D595EFE7B}.Release|x64.Build.0 = Release|Any CPU
		{DD249FFA-D8FA-457E-B103-5B0D595EFE7B}.Release|x86.ActiveCfg = Release|Any CPU
		{DD249FFA-D8FA-457E-B103-5B0D595EFE7B}.Release|x86.Build.0 = Release|Any CPU
		{B9C71340-581D-470C-B533-CCCEE757A67B}.Debug|Any CPU.ActiveCfg = Debug|Any CPU
		{B9C71340-581D-470C-B533-CCCEE757A67B}.Debug|Any CPU.Build.0 = Debug|Any CPU
		{B9C71340-581D-470C-B533-CCCEE757A67B}.Debug|x64.ActiveCfg = Debug|Any CPU
		{B9C71340-581D-470C-B533-CCCEE757A67B}.Debug|x64.Build.0 = Debug|Any CPU
		{B9C71340-581D-470C-B533-CCCEE757A67B}.Debug|x86.ActiveCfg = Debug|Any CPU
		{B9C71340-581D-470C-B533-CCCEE757A67B}.Debug|x86.Build.0 = Debug|Any CPU
		{B9C71340-581D-470C-B533-CCCEE757A67B}.Release|Any CPU.ActiveCfg = Release|Any CPU
		{B9C71340-581D-470C-B533-CCCEE757A67B}.Release|Any CPU.Build.0 = Release|Any CPU
		{B9C71340-581D-470C-B533-CCCEE757A67B}.Release|x64.ActiveCfg = Release|Any CPU
		{B9C71340-581D-470C-B533-CCCEE757A67B}.Release|x64.Build.0 = Release|Any CPU
		{B9C71340-581D-470C-B533-CCCEE757A67B}.Release|x86.ActiveCfg = Release|Any CPU
		{B9C71340-581D-470C-B533-CCCEE757A67B}.Release|x86.Build.0 = Release|Any CPU
		{6ED05723-4E5C-408D-B135-4F62BF2611A1}.Debug|Any CPU.ActiveCfg = Debug|Any CPU
		{6ED05723-4E5C-408D-B135-4F62BF2611A1}.Debug|Any CPU.Build.0 = Debug|Any CPU
		{6ED05723-4E5C-408D-B135-4F62BF2611A1}.Debug|x64.ActiveCfg = Debug|Any CPU
		{6ED05723-4E5C-408D-B135-4F62BF2611A1}.Debug|x64.Build.0 = Debug|Any CPU
		{6ED05723-4E5C-408D-B135-4F62BF2611A1}.Debug|x86.ActiveCfg = Debug|Any CPU
		{6ED05723-4E5C-408D-B135-4F62BF2611A1}.Debug|x86.Build.0 = Debug|Any CPU
		{6ED05723-4E5C-408D-B135-4F62BF2611A1}.Release|Any CPU.ActiveCfg = Release|Any CPU
		{6ED05723-4E5C-408D-B135-4F62BF2611A1}.Release|Any CPU.Build.0 = Release|Any CPU
		{6ED05723-4E5C-408D-B135-4F62BF2611A1}.Release|x64.ActiveCfg = Release|Any CPU
		{6ED05723-4E5C-408D-B135-4F62BF2611A1}.Release|x64.Build.0 = Release|Any CPU
		{6ED05723-4E5C-408D-B135-4F62BF2611A1}.Release|x86.ActiveCfg = Release|Any CPU
		{6ED05723-4E5C-408D-B135-4F62BF2611A1}.Release|x86.Build.0 = Release|Any CPU
		{E8C25CEF-9991-48F8-AEB4-71540294C913}.Debug|Any CPU.ActiveCfg = Debug|Any CPU
		{E8C25CEF-9991-48F8-AEB4-71540294C913}.Debug|Any CPU.Build.0 = Debug|Any CPU
		{E8C25CEF-9991-48F8-AEB4-71540294C913}.Debug|x64.ActiveCfg = Debug|Any CPU
		{E8C25CEF-9991-48F8-AEB4-71540294C913}.Debug|x64.Build.0 = Debug|Any CPU
		{E8C25CEF-9991-48F8-AEB4-71540294C913}.Debug|x86.ActiveCfg = Debug|Any CPU
		{E8C25CEF-9991-48F8-AEB4-71540294C913}.Debug|x86.Build.0 = Debug|Any CPU
		{E8C25CEF-9991-48F8-AEB4-71540294C913}.Release|Any CPU.ActiveCfg = Release|Any CPU
		{E8C25CEF-9991-48F8-AEB4-71540294C913}.Release|Any CPU.Build.0 = Release|Any CPU
		{E8C25CEF-9991-48F8-AEB4-71540294C913}.Release|x64.ActiveCfg = Release|Any CPU
		{E8C25CEF-9991-48F8-AEB4-71540294C913}.Release|x64.Build.0 = Release|Any CPU
		{E8C25CEF-9991-48F8-AEB4-71540294C913}.Release|x86.ActiveCfg = Release|Any CPU
		{E8C25CEF-9991-48F8-AEB4-71540294C913}.Release|x86.Build.0 = Release|Any CPU
		{50C90DAB-21E4-4E30-A135-3F467C3C0428}.Debug|Any CPU.ActiveCfg = Debug|Any CPU
		{50C90DAB-21E4-4E30-A135-3F467C3C0428}.Debug|Any CPU.Build.0 = Debug|Any CPU
		{50C90DAB-21E4-4E30-A135-3F467C3C0428}.Debug|x64.ActiveCfg = Debug|Any CPU
		{50C90DAB-21E4-4E30-A135-3F467C3C0428}.Debug|x64.Build.0 = Debug|Any CPU
		{50C90DAB-21E4-4E30-A135-3F467C3C0428}.Debug|x86.ActiveCfg = Debug|Any CPU
		{50C90DAB-21E4-4E30-A135-3F467C3C0428}.Debug|x86.Build.0 = Debug|Any CPU
		{50C90DAB-21E4-4E30-A135-3F467C3C0428}.Release|Any CPU.ActiveCfg = Release|Any CPU
		{50C90DAB-21E4-4E30-A135-3F467C3C0428}.Release|Any CPU.Build.0 = Release|Any CPU
		{50C90DAB-21E4-4E30-A135-3F467C3C0428}.Release|x64.ActiveCfg = Release|Any CPU
		{50C90DAB-21E4-4E30-A135-3F467C3C0428}.Release|x64.Build.0 = Release|Any CPU
		{50C90DAB-21E4-4E30-A135-3F467C3C0428}.Release|x86.ActiveCfg = Release|Any CPU
		{50C90DAB-21E4-4E30-A135-3F467C3C0428}.Release|x86.Build.0 = Release|Any CPU
	EndGlobalSection
	GlobalSection(SolutionProperties) = preSolution
		HideSolutionNode = FALSE
	EndGlobalSection
	GlobalSection(NestedProjects) = preSolution
		{81034408-37C8-1011-444E-4C15C2FADA8E} = {827E0CD3-B72D-47B6-A68D-7590B98EB39B}
		{CEA68655-B5BE-4A32-9946-FBE67363760A} = {81034408-37C8-1011-444E-4C15C2FADA8E}
		{3FBC4ED2-D7A6-4BC1-859E-A8B5E2B15921} = {81034408-37C8-1011-444E-4C15C2FADA8E}
		{A747288B-9D38-48A8-A0E8-AA2EA8641043} = {81034408-37C8-1011-444E-4C15C2FADA8E}
		{123DD487-E05A-48F3-911C-349E15368FF2} = {81034408-37C8-1011-444E-4C15C2FADA8E}
		{8C7CD9B1-5255-4F3F-A6A7-D65189D01D7C} = {81034408-37C8-1011-444E-4C15C2FADA8E}
		{B99ACD22-6130-4B83-B8E9-E26E96857AD3} = {81034408-37C8-1011-444E-4C15C2FADA8E}
		{58BC6C4A-C429-4E71-9CE1-7EE6C39CCD48} = {81034408-37C8-1011-444E-4C15C2FADA8E}
		{D3416076-CBEA-4D0C-9D9E-DDB2129C511B} = {81034408-37C8-1011-444E-4C15C2FADA8E}
		{CB97F3F1-5B75-4553-ABCE-7EC23D300B33} = {81034408-37C8-1011-444E-4C15C2FADA8E}
		{F32911F6-41E4-4038-A943-DDACC2492E70} = {81034408-37C8-1011-444E-4C15C2FADA8E}
		{82F20B77-A7C8-48E0-A3A8-73AFC56F7AFE} = {81034408-37C8-1011-444E-4C15C2FADA8E}
		{8E79BE05-0011-4204-920B-4D70EC613E71} = {81034408-37C8-1011-444E-4C15C2FADA8E}
		{C38038E1-5AC4-4E7A-B94F-BB36FA127EB8} = {81034408-37C8-1011-444E-4C15C2FADA8E}
		{FBAA1A9F-3935-4F17-BC83-C909FAECBDC6} = {81034408-37C8-1011-444E-4C15C2FADA8E}
		{18E70350-A113-48B3-AF61-623EE5B66CD2} = {81034408-37C8-1011-444E-4C15C2FADA8E}
		{FA16E272-020E-4186-B1CD-6F55525E7184} = {81034408-37C8-1011-444E-4C15C2FADA8E}
		{54B9EBBB-56B3-4311-BC92-9F3D7DD39052} = {81034408-37C8-1011-444E-4C15C2FADA8E}
		{DD249FFA-D8FA-457E-B103-5B0D595EFE7B} = {81034408-37C8-1011-444E-4C15C2FADA8E}
		{B9C71340-581D-470C-B533-CCCEE757A67B} = {81034408-37C8-1011-444E-4C15C2FADA8E}
		{C8E42992-5E42-0C2B-DBFE-AA848D06431C} = {827E0CD3-B72D-47B6-A68D-7590B98EB39B}
		{6ED05723-4E5C-408D-B135-4F62BF2611A1} = {C8E42992-5E42-0C2B-DBFE-AA848D06431C}
		{E8C25CEF-9991-48F8-AEB4-71540294C913} = {0AB3BF05-4346-4AA6-1389-037BE0695223}
		{50C90DAB-21E4-4E30-A135-3F467C3C0428} = {C8E42992-5E42-0C2B-DBFE-AA848D06431C}
	EndGlobalSection
EndGlobal
